// !$*UTF8*$!
{
	archiveVersion = 1;
	classes = {
	};
	objectVersion = 55;
	objects = {

/* Begin PBXBuildFile section */
		22F6590F96C3D49F7309B404 /* Pods_MyWayPizza.framework in Frameworks */ = {isa = PBXBuildFile; fileRef = 02B001E97E1BE68EA285C7EF /* Pods_MyWayPizza.framework */; };
		522F2E81271ECB4400D127B1 /* UIRoundButton.swift in Sources */ = {isa = PBXBuildFile; fileRef = 522F2E80271ECB4400D127B1 /* UIRoundButton.swift */; };
		522F2E85271EDA9E00D127B1 /* MenuItemDetailsViewController.swift in Sources */ = {isa = PBXBuildFile; fileRef = 522F2E84271EDA9E00D127B1 /* MenuItemDetailsViewController.swift */; };
		524F728C271FFC360041A4F1 /* RestaurantViewModelTests.swift in Sources */ = {isa = PBXBuildFile; fileRef = 524F728B271FFC360041A4F1 /* RestaurantViewModelTests.swift */; };
		526A1438271DEF6E00AF77B6 /* AppDelegate.swift in Sources */ = {isa = PBXBuildFile; fileRef = 526A1437271DEF6E00AF77B6 /* AppDelegate.swift */; };
		526A143A271DEF6E00AF77B6 /* SceneDelegate.swift in Sources */ = {isa = PBXBuildFile; fileRef = 526A1439271DEF6E00AF77B6 /* SceneDelegate.swift */; };
		526A143F271DEF6E00AF77B6 /* Main.storyboard in Resources */ = {isa = PBXBuildFile; fileRef = 526A143D271DEF6E00AF77B6 /* Main.storyboard */; };
		526A1441271DEF7000AF77B6 /* Assets.xcassets in Resources */ = {isa = PBXBuildFile; fileRef = 526A1440271DEF7000AF77B6 /* Assets.xcassets */; };
		526A1444271DEF7000AF77B6 /* LaunchScreen.storyboard in Resources */ = {isa = PBXBuildFile; fileRef = 526A1442271DEF7000AF77B6 /* LaunchScreen.storyboard */; };
		526A1450271DF7A700AF77B6 /* RestaurantTableViewCell.swift in Sources */ = {isa = PBXBuildFile; fileRef = 526A144F271DF7A700AF77B6 /* RestaurantTableViewCell.swift */; };
		526A1452271DF80800AF77B6 /* RestaurantsTableViewController.swift in Sources */ = {isa = PBXBuildFile; fileRef = 526A1451271DF80800AF77B6 /* RestaurantsTableViewController.swift */; };
		526A1455271DF8FF00AF77B6 /* StoryboardIdentifiable.swift in Sources */ = {isa = PBXBuildFile; fileRef = 526A1454271DF8FF00AF77B6 /* StoryboardIdentifiable.swift */; };
		526A1458271DF97900AF77B6 /* UIExtendedView.swift in Sources */ = {isa = PBXBuildFile; fileRef = 526A1457271DF97900AF77B6 /* UIExtendedView.swift */; };
		526A145A271DF98A00AF77B6 /* UIRoundedView.swift in Sources */ = {isa = PBXBuildFile; fileRef = 526A1459271DF98A00AF77B6 /* UIRoundedView.swift */; };
		526A145C271E01DC00AF77B6 /* MenuItemTableViewCell.swift in Sources */ = {isa = PBXBuildFile; fileRef = 526A145B271E01DC00AF77B6 /* MenuItemTableViewCell.swift */; };
		526A145E271E02F100AF77B6 /* RestaurantMenuTableViewController.swift in Sources */ = {isa = PBXBuildFile; fileRef = 526A145D271E02F100AF77B6 /* RestaurantMenuTableViewController.swift */; };
		526A1462271E12B800AF77B6 /* UINavigationController+colors.swift in Sources */ = {isa = PBXBuildFile; fileRef = 526A1461271E12B800AF77B6 /* UINavigationController+colors.swift */; };
		526A1464271E148C00AF77B6 /* SegueHandlerType.swift in Sources */ = {isa = PBXBuildFile; fileRef = 526A1463271E148C00AF77B6 /* SegueHandlerType.swift */; };
		526A1467271E195A00AF77B6 /* SystemIcons.swift in Sources */ = {isa = PBXBuildFile; fileRef = 526A1466271E195A00AF77B6 /* SystemIcons.swift */; };
		5276A9F9271F45C40072C9D3 /* DEPENDENCIES.md in Resources */ = {isa = PBXBuildFile; fileRef = 5276A9F8271F45C40072C9D3 /* DEPENDENCIES.md */; };
		5276A9FB271F45D90072C9D3 /* DependencyInjector.swift in Sources */ = {isa = PBXBuildFile; fileRef = 5276A9FA271F45D90072C9D3 /* DependencyInjector.swift */; };
		5276A9FF271F45F90072C9D3 /* CoreDependency.swift in Sources */ = {isa = PBXBuildFile; fileRef = 5276A9FE271F45F90072C9D3 /* CoreDependency.swift */; };
		5276AA01271F46070072C9D3 /* AppDependency.swift in Sources */ = {isa = PBXBuildFile; fileRef = 5276AA00271F46070072C9D3 /* AppDependency.swift */; };
		5276AA03271F461A0072C9D3 /* RestaurantService.swift in Sources */ = {isa = PBXBuildFile; fileRef = 5276AA02271F461A0072C9D3 /* RestaurantService.swift */; };
		5276AA05271F46210072C9D3 /* MockRestaurantService.swift in Sources */ = {isa = PBXBuildFile; fileRef = 5276AA04271F46210072C9D3 /* MockRestaurantService.swift */; };
		5276AA07271F462F0072C9D3 /* MWPRestaurantService.swift in Sources */ = {isa = PBXBuildFile; fileRef = 5276AA06271F462F0072C9D3 /* MWPRestaurantService.swift */; };
		5276AA0C271F467E0072C9D3 /* RestaurantModel.swift in Sources */ = {isa = PBXBuildFile; fileRef = 5276AA0B271F467E0072C9D3 /* RestaurantModel.swift */; };
		5276AA0E271F49F20072C9D3 /* API.md in Resources */ = {isa = PBXBuildFile; fileRef = 5276AA0D271F49F20072C9D3 /* API.md */; };
		5276AA11271F4A110072C9D3 /* APIRouter.swift in Sources */ = {isa = PBXBuildFile; fileRef = 5276AA10271F4A110072C9D3 /* APIRouter.swift */; };
		5276AA13271F4A210072C9D3 /* APIConstants.swift in Sources */ = {isa = PBXBuildFile; fileRef = 5276AA12271F4A210072C9D3 /* APIConstants.swift */; };
		5276AA15271F4A2A0072C9D3 /* APIClient.swift in Sources */ = {isa = PBXBuildFile; fileRef = 5276AA14271F4A2A0072C9D3 /* APIClient.swift */; };
		5276AA17271F4E780072C9D3 /* UITableView+dataSource.swift in Sources */ = {isa = PBXBuildFile; fileRef = 5276AA16271F4E780072C9D3 /* UITableView+dataSource.swift */; };
		5276AA19271F4F350072C9D3 /* RestaurantViewModel.swift in Sources */ = {isa = PBXBuildFile; fileRef = 5276AA18271F4F350072C9D3 /* RestaurantViewModel.swift */; };
		5276AA1B271F51F30072C9D3 /* StaticImages.swift in Sources */ = {isa = PBXBuildFile; fileRef = 5276AA1A271F51F30072C9D3 /* StaticImages.swift */; };
		5276AA1D271F564D0072C9D3 /* MenuItemModel.swift in Sources */ = {isa = PBXBuildFile; fileRef = 5276AA1C271F564D0072C9D3 /* MenuItemModel.swift */; };
		5276AA1F271F56580072C9D3 /* MenuItemViewModel.swift in Sources */ = {isa = PBXBuildFile; fileRef = 5276AA1E271F56580072C9D3 /* MenuItemViewModel.swift */; };
		5276AA21271F6A640072C9D3 /* README.md in Resources */ = {isa = PBXBuildFile; fileRef = 5276AA20271F6A640072C9D3 /* README.md */; };
		52F93629271E277C00B63F3A /* .swiftlint.yml in Resources */ = {isa = PBXBuildFile; fileRef = 52F93628271E277C00B63F3A /* .swiftlint.yml */; };
/* End PBXBuildFile section */

/* Begin PBXContainerItemProxy section */
		524F7284271FFBFE0041A4F1 /* PBXContainerItemProxy */ = {
			isa = PBXContainerItemProxy;
			containerPortal = 526A142C271DEF6E00AF77B6 /* Project object */;
			proxyType = 1;
			remoteGlobalIDString = 526A1433271DEF6E00AF77B6;
			remoteInfo = MyWayPizza;
		};
/* End PBXContainerItemProxy section */

/* Begin PBXFileReference section */
		02B001E97E1BE68EA285C7EF /* Pods_MyWayPizza.framework */ = {isa = PBXFileReference; explicitFileType = wrapper.framework; includeInIndex = 0; path = Pods_MyWayPizza.framework; sourceTree = BUILT_PRODUCTS_DIR; };
		0F0677FC5A6641DC638A1483 /* Pods-MyWayPizza.debug.xcconfig */ = {isa = PBXFileReference; includeInIndex = 1; lastKnownFileType = text.xcconfig; name = "Pods-MyWayPizza.debug.xcconfig"; path = "Target Support Files/Pods-MyWayPizza/Pods-MyWayPizza.debug.xcconfig"; sourceTree = "<group>"; };
		522F2E80271ECB4400D127B1 /* UIRoundButton.swift */ = {isa = PBXFileReference; lastKnownFileType = sourcecode.swift; path = UIRoundButton.swift; sourceTree = "<group>"; };
		522F2E84271EDA9E00D127B1 /* MenuItemDetailsViewController.swift */ = {isa = PBXFileReference; lastKnownFileType = sourcecode.swift; path = MenuItemDetailsViewController.swift; sourceTree = "<group>"; };
		524F7280271FFBFE0041A4F1 /* MyWayPizzaTests.xctest */ = {isa = PBXFileReference; explicitFileType = wrapper.cfbundle; includeInIndex = 0; path = MyWayPizzaTests.xctest; sourceTree = BUILT_PRODUCTS_DIR; };
		524F728B271FFC360041A4F1 /* RestaurantViewModelTests.swift */ = {isa = PBXFileReference; lastKnownFileType = sourcecode.swift; path = RestaurantViewModelTests.swift; sourceTree = "<group>"; };
		526A1434271DEF6E00AF77B6 /* MyWayPizza.app */ = {isa = PBXFileReference; explicitFileType = wrapper.application; includeInIndex = 0; path = MyWayPizza.app; sourceTree = BUILT_PRODUCTS_DIR; };
		526A1437271DEF6E00AF77B6 /* AppDelegate.swift */ = {isa = PBXFileReference; lastKnownFileType = sourcecode.swift; path = AppDelegate.swift; sourceTree = "<group>"; };
		526A1439271DEF6E00AF77B6 /* SceneDelegate.swift */ = {isa = PBXFileReference; lastKnownFileType = sourcecode.swift; path = SceneDelegate.swift; sourceTree = "<group>"; };
		526A143E271DEF6E00AF77B6 /* Base */ = {isa = PBXFileReference; lastKnownFileType = file.storyboard; name = Base; path = Base.lproj/Main.storyboard; sourceTree = "<group>"; };
		526A1440271DEF7000AF77B6 /* Assets.xcassets */ = {isa = PBXFileReference; lastKnownFileType = folder.assetcatalog; path = Assets.xcassets; sourceTree = "<group>"; };
		526A1443271DEF7000AF77B6 /* Base */ = {isa = PBXFileReference; lastKnownFileType = file.storyboard; name = Base; path = Base.lproj/LaunchScreen.storyboard; sourceTree = "<group>"; };
		526A1445271DEF7000AF77B6 /* Info.plist */ = {isa = PBXFileReference; lastKnownFileType = text.plist.xml; path = Info.plist; sourceTree = "<group>"; };
		526A144F271DF7A700AF77B6 /* RestaurantTableViewCell.swift */ = {isa = PBXFileReference; lastKnownFileType = sourcecode.swift; path = RestaurantTableViewCell.swift; sourceTree = "<group>"; };
		526A1451271DF80800AF77B6 /* RestaurantsTableViewController.swift */ = {isa = PBXFileReference; lastKnownFileType = sourcecode.swift; path = RestaurantsTableViewController.swift; sourceTree = "<group>"; };
		526A1454271DF8FF00AF77B6 /* StoryboardIdentifiable.swift */ = {isa = PBXFileReference; lastKnownFileType = sourcecode.swift; path = StoryboardIdentifiable.swift; sourceTree = "<group>"; };
		526A1457271DF97900AF77B6 /* UIExtendedView.swift */ = {isa = PBXFileReference; lastKnownFileType = sourcecode.swift; path = UIExtendedView.swift; sourceTree = "<group>"; };
		526A1459271DF98A00AF77B6 /* UIRoundedView.swift */ = {isa = PBXFileReference; lastKnownFileType = sourcecode.swift; path = UIRoundedView.swift; sourceTree = "<group>"; };
		526A145B271E01DC00AF77B6 /* MenuItemTableViewCell.swift */ = {isa = PBXFileReference; lastKnownFileType = sourcecode.swift; path = MenuItemTableViewCell.swift; sourceTree = "<group>"; };
		526A145D271E02F100AF77B6 /* RestaurantMenuTableViewController.swift */ = {isa = PBXFileReference; lastKnownFileType = sourcecode.swift; path = RestaurantMenuTableViewController.swift; sourceTree = "<group>"; };
		526A1461271E12B800AF77B6 /* UINavigationController+colors.swift */ = {isa = PBXFileReference; lastKnownFileType = sourcecode.swift; path = "UINavigationController+colors.swift"; sourceTree = "<group>"; };
		526A1463271E148C00AF77B6 /* SegueHandlerType.swift */ = {isa = PBXFileReference; lastKnownFileType = sourcecode.swift; path = SegueHandlerType.swift; sourceTree = "<group>"; };
		526A1466271E195A00AF77B6 /* SystemIcons.swift */ = {isa = PBXFileReference; lastKnownFileType = sourcecode.swift; path = SystemIcons.swift; sourceTree = "<group>"; };
		5276A9F8271F45C40072C9D3 /* DEPENDENCIES.md */ = {isa = PBXFileReference; fileEncoding = 4; lastKnownFileType = net.daringfireball.markdown; path = DEPENDENCIES.md; sourceTree = "<group>"; };
		5276A9FA271F45D90072C9D3 /* DependencyInjector.swift */ = {isa = PBXFileReference; lastKnownFileType = sourcecode.swift; path = DependencyInjector.swift; sourceTree = "<group>"; };
		5276A9FE271F45F90072C9D3 /* CoreDependency.swift */ = {isa = PBXFileReference; lastKnownFileType = sourcecode.swift; path = CoreDependency.swift; sourceTree = "<group>"; };
		5276AA00271F46070072C9D3 /* AppDependency.swift */ = {isa = PBXFileReference; lastKnownFileType = sourcecode.swift; path = AppDependency.swift; sourceTree = "<group>"; };
		5276AA02271F461A0072C9D3 /* RestaurantService.swift */ = {isa = PBXFileReference; lastKnownFileType = sourcecode.swift; path = RestaurantService.swift; sourceTree = "<group>"; };
		5276AA04271F46210072C9D3 /* MockRestaurantService.swift */ = {isa = PBXFileReference; lastKnownFileType = sourcecode.swift; path = MockRestaurantService.swift; sourceTree = "<group>"; };
		5276AA06271F462F0072C9D3 /* MWPRestaurantService.swift */ = {isa = PBXFileReference; lastKnownFileType = sourcecode.swift; path = MWPRestaurantService.swift; sourceTree = "<group>"; };
		5276AA0B271F467E0072C9D3 /* RestaurantModel.swift */ = {isa = PBXFileReference; lastKnownFileType = sourcecode.swift; path = RestaurantModel.swift; sourceTree = "<group>"; };
		5276AA0D271F49F20072C9D3 /* API.md */ = {isa = PBXFileReference; fileEncoding = 4; lastKnownFileType = net.daringfireball.markdown; path = API.md; sourceTree = "<group>"; };
		5276AA10271F4A110072C9D3 /* APIRouter.swift */ = {isa = PBXFileReference; lastKnownFileType = sourcecode.swift; path = APIRouter.swift; sourceTree = "<group>"; };
		5276AA12271F4A210072C9D3 /* APIConstants.swift */ = {isa = PBXFileReference; lastKnownFileType = sourcecode.swift; path = APIConstants.swift; sourceTree = "<group>"; };
		5276AA14271F4A2A0072C9D3 /* APIClient.swift */ = {isa = PBXFileReference; lastKnownFileType = sourcecode.swift; path = APIClient.swift; sourceTree = "<group>"; };
		5276AA16271F4E780072C9D3 /* UITableView+dataSource.swift */ = {isa = PBXFileReference; lastKnownFileType = sourcecode.swift; path = "UITableView+dataSource.swift"; sourceTree = "<group>"; };
		5276AA18271F4F350072C9D3 /* RestaurantViewModel.swift */ = {isa = PBXFileReference; lastKnownFileType = sourcecode.swift; path = RestaurantViewModel.swift; sourceTree = "<group>"; };
		5276AA1A271F51F30072C9D3 /* StaticImages.swift */ = {isa = PBXFileReference; lastKnownFileType = sourcecode.swift; path = StaticImages.swift; sourceTree = "<group>"; };
		5276AA1C271F564D0072C9D3 /* MenuItemModel.swift */ = {isa = PBXFileReference; lastKnownFileType = sourcecode.swift; path = MenuItemModel.swift; sourceTree = "<group>"; };
		5276AA1E271F56580072C9D3 /* MenuItemViewModel.swift */ = {isa = PBXFileReference; lastKnownFileType = sourcecode.swift; path = MenuItemViewModel.swift; sourceTree = "<group>"; };
		5276AA20271F6A640072C9D3 /* README.md */ = {isa = PBXFileReference; fileEncoding = 4; lastKnownFileType = net.daringfireball.markdown; path = README.md; sourceTree = "<group>"; };
		52F93628271E277C00B63F3A /* .swiftlint.yml */ = {isa = PBXFileReference; fileEncoding = 4; lastKnownFileType = text.yaml; path = .swiftlint.yml; sourceTree = "<group>"; };
		E5F7170556B7985A55879CF9 /* Pods-MyWayPizza.release.xcconfig */ = {isa = PBXFileReference; includeInIndex = 1; lastKnownFileType = text.xcconfig; name = "Pods-MyWayPizza.release.xcconfig"; path = "Target Support Files/Pods-MyWayPizza/Pods-MyWayPizza.release.xcconfig"; sourceTree = "<group>"; };
/* End PBXFileReference section */

/* Begin PBXFrameworksBuildPhase section */
		524F727D271FFBFE0041A4F1 /* Frameworks */ = {
			isa = PBXFrameworksBuildPhase;
			buildActionMask = 2147483647;
			files = (
			);
			runOnlyForDeploymentPostprocessing = 0;
		};
		526A1431271DEF6E00AF77B6 /* Frameworks */ = {
			isa = PBXFrameworksBuildPhase;
			buildActionMask = 2147483647;
			files = (
				22F6590F96C3D49F7309B404 /* Pods_MyWayPizza.framework in Frameworks */,
			);
			runOnlyForDeploymentPostprocessing = 0;
		};
/* End PBXFrameworksBuildPhase section */

/* Begin PBXGroup section */
		524F7281271FFBFE0041A4F1 /* MyWayPizzaTests */ = {
			isa = PBXGroup;
			children = (
				524F7289271FFC130041A4F1 /* ViewModels */,
			);
			path = MyWayPizzaTests;
			sourceTree = "<group>";
		};
		524F7289271FFC130041A4F1 /* ViewModels */ = {
			isa = PBXGroup;
			children = (
				524F728B271FFC360041A4F1 /* RestaurantViewModelTests.swift */,
			);
			path = ViewModels;
			sourceTree = "<group>";
		};
		526A142B271DEF6E00AF77B6 = {
			isa = PBXGroup;
			children = (
				5276AA20271F6A640072C9D3 /* README.md */,
				52F93628271E277C00B63F3A /* .swiftlint.yml */,
				526A1436271DEF6E00AF77B6 /* MyWayPizza */,
				524F7281271FFBFE0041A4F1 /* MyWayPizzaTests */,
				526A1435271DEF6E00AF77B6 /* Products */,
				9D32B23A6556E3CB29B8172C /* Pods */,
				6771153B6E247327A74E3F9F /* Frameworks */,
			);
			sourceTree = "<group>";
		};
		526A1435271DEF6E00AF77B6 /* Products */ = {
			isa = PBXGroup;
			children = (
				526A1434271DEF6E00AF77B6 /* MyWayPizza.app */,
				524F7280271FFBFE0041A4F1 /* MyWayPizzaTests.xctest */,
			);
			name = Products;
			sourceTree = "<group>";
		};
		526A1436271DEF6E00AF77B6 /* MyWayPizza */ = {
			isa = PBXGroup;
			children = (
				526A1445271DEF7000AF77B6 /* Info.plist */,
				526A144B271DEFDA00AF77B6 /* AppFiles */,
				5276A9F5271F45820072C9D3 /* Services */,
				5276AA08271F465A0072C9D3 /* Managers */,
				5276AA09271F46620072C9D3 /* Models */,
				5276AA0A271F466F0072C9D3 /* ViewModels */,
				526A144E271DF78700AF77B6 /* Views */,
				526A144D271DF14500AF77B6 /* ViewControllers */,
				526A144C271DF13500AF77B6 /* Storyboards */,
				526A1465271E194900AF77B6 /* Statics */,
				526A1453271DF8F400AF77B6 /* Helpers */,
				526A1456271DF96B00AF77B6 /* GUI */,
				5276A9F4271F45130072C9D3 /* Resources */,
				526A1442271DEF7000AF77B6 /* LaunchScreen.storyboard */,
			);
			path = MyWayPizza;
			sourceTree = "<group>";
		};
		526A144B271DEFDA00AF77B6 /* AppFiles */ = {
			isa = PBXGroup;
			children = (
				526A1437271DEF6E00AF77B6 /* AppDelegate.swift */,
				526A1439271DEF6E00AF77B6 /* SceneDelegate.swift */,
			);
			path = AppFiles;
			sourceTree = "<group>";
		};
		526A144C271DF13500AF77B6 /* Storyboards */ = {
			isa = PBXGroup;
			children = (
				526A143D271DEF6E00AF77B6 /* Main.storyboard */,
			);
			path = Storyboards;
			sourceTree = "<group>";
		};
		526A144D271DF14500AF77B6 /* ViewControllers */ = {
			isa = PBXGroup;
			children = (
				526A1451271DF80800AF77B6 /* RestaurantsTableViewController.swift */,
				526A145D271E02F100AF77B6 /* RestaurantMenuTableViewController.swift */,
				522F2E84271EDA9E00D127B1 /* MenuItemDetailsViewController.swift */,
			);
			path = ViewControllers;
			sourceTree = "<group>";
		};
		526A144E271DF78700AF77B6 /* Views */ = {
			isa = PBXGroup;
			children = (
				526A144F271DF7A700AF77B6 /* RestaurantTableViewCell.swift */,
				526A145B271E01DC00AF77B6 /* MenuItemTableViewCell.swift */,
			);
			path = Views;
			sourceTree = "<group>";
		};
		526A1453271DF8F400AF77B6 /* Helpers */ = {
			isa = PBXGroup;
			children = (
				526A1454271DF8FF00AF77B6 /* StoryboardIdentifiable.swift */,
				526A1461271E12B800AF77B6 /* UINavigationController+colors.swift */,
				526A1463271E148C00AF77B6 /* SegueHandlerType.swift */,
				5276AA16271F4E780072C9D3 /* UITableView+dataSource.swift */,
			);
			path = Helpers;
			sourceTree = "<group>";
		};
		526A1456271DF96B00AF77B6 /* GUI */ = {
			isa = PBXGroup;
			children = (
				526A1457271DF97900AF77B6 /* UIExtendedView.swift */,
				526A1459271DF98A00AF77B6 /* UIRoundedView.swift */,
				522F2E80271ECB4400D127B1 /* UIRoundButton.swift */,
			);
			path = GUI;
			sourceTree = "<group>";
		};
		526A1465271E194900AF77B6 /* Statics */ = {
			isa = PBXGroup;
			children = (
				526A1466271E195A00AF77B6 /* SystemIcons.swift */,
				5276AA1A271F51F30072C9D3 /* StaticImages.swift */,
			);
			path = Statics;
			sourceTree = "<group>";
		};
		5276A9F4271F45130072C9D3 /* Resources */ = {
			isa = PBXGroup;
			children = (
				526A1440271DEF7000AF77B6 /* Assets.xcassets */,
			);
			path = Resources;
			sourceTree = "<group>";
		};
		5276A9F5271F45820072C9D3 /* Services */ = {
			isa = PBXGroup;
			children = (
				5276A9F6271F458E0072C9D3 /* DependencyContainer */,
				5276A9F7271F45950072C9D3 /* RestaurantService */,
			);
			path = Services;
			sourceTree = "<group>";
		};
		5276A9F6271F458E0072C9D3 /* DependencyContainer */ = {
			isa = PBXGroup;
			children = (
				5276A9F8271F45C40072C9D3 /* DEPENDENCIES.md */,
				5276A9FA271F45D90072C9D3 /* DependencyInjector.swift */,
				5276A9FE271F45F90072C9D3 /* CoreDependency.swift */,
				5276AA00271F46070072C9D3 /* AppDependency.swift */,
			);
			path = DependencyContainer;
			sourceTree = "<group>";
		};
		5276A9F7271F45950072C9D3 /* RestaurantService */ = {
			isa = PBXGroup;
			children = (
				5276AA02271F461A0072C9D3 /* RestaurantService.swift */,
				5276AA04271F46210072C9D3 /* MockRestaurantService.swift */,
				5276AA06271F462F0072C9D3 /* MWPRestaurantService.swift */,
			);
			path = RestaurantService;
			sourceTree = "<group>";
		};
		5276AA08271F465A0072C9D3 /* Managers */ = {
			isa = PBXGroup;
			children = (
				5276AA0F271F4A010072C9D3 /* Networking */,
			);
			path = Managers;
			sourceTree = "<group>";
		};
		5276AA09271F46620072C9D3 /* Models */ = {
			isa = PBXGroup;
			children = (
				5276AA0B271F467E0072C9D3 /* RestaurantModel.swift */,
				5276AA1C271F564D0072C9D3 /* MenuItemModel.swift */,
			);
			path = Models;
			sourceTree = "<group>";
		};
		5276AA0A271F466F0072C9D3 /* ViewModels */ = {
			isa = PBXGroup;
			children = (
				5276AA18271F4F350072C9D3 /* RestaurantViewModel.swift */,
				5276AA1E271F56580072C9D3 /* MenuItemViewModel.swift */,
			);
			path = ViewModels;
			sourceTree = "<group>";
		};
		5276AA0F271F4A010072C9D3 /* Networking */ = {
			isa = PBXGroup;
			children = (
				5276AA0D271F49F20072C9D3 /* API.md */,
				5276AA10271F4A110072C9D3 /* APIRouter.swift */,
				5276AA12271F4A210072C9D3 /* APIConstants.swift */,
				5276AA14271F4A2A0072C9D3 /* APIClient.swift */,
			);
			path = Networking;
			sourceTree = "<group>";
		};
		6771153B6E247327A74E3F9F /* Frameworks */ = {
			isa = PBXGroup;
			children = (
				02B001E97E1BE68EA285C7EF /* Pods_MyWayPizza.framework */,
			);
			name = Frameworks;
			sourceTree = "<group>";
		};
		9D32B23A6556E3CB29B8172C /* Pods */ = {
			isa = PBXGroup;
			children = (
				0F0677FC5A6641DC638A1483 /* Pods-MyWayPizza.debug.xcconfig */,
				E5F7170556B7985A55879CF9 /* Pods-MyWayPizza.release.xcconfig */,
			);
			path = Pods;
			sourceTree = "<group>";
		};
/* End PBXGroup section */

/* Begin PBXNativeTarget section */
		524F727F271FFBFE0041A4F1 /* MyWayPizzaTests */ = {
			isa = PBXNativeTarget;
			buildConfigurationList = 524F7288271FFBFE0041A4F1 /* Build configuration list for PBXNativeTarget "MyWayPizzaTests" */;
			buildPhases = (
				524F727C271FFBFE0041A4F1 /* Sources */,
				524F727D271FFBFE0041A4F1 /* Frameworks */,
				524F727E271FFBFE0041A4F1 /* Resources */,
			);
			buildRules = (
			);
			dependencies = (
				524F7285271FFBFE0041A4F1 /* PBXTargetDependency */,
			);
			name = MyWayPizzaTests;
			productName = MyWayPizzaTests;
			productReference = 524F7280271FFBFE0041A4F1 /* MyWayPizzaTests.xctest */;
			productType = "com.apple.product-type.bundle.unit-test";
		};
		526A1433271DEF6E00AF77B6 /* MyWayPizza */ = {
			isa = PBXNativeTarget;
			buildConfigurationList = 526A1448271DEF7000AF77B6 /* Build configuration list for PBXNativeTarget "MyWayPizza" */;
			buildPhases = (
				CA462DE0DC1D9AA11A8AE7D4 /* [CP] Check Pods Manifest.lock */,
				526A1430271DEF6E00AF77B6 /* Sources */,
				526A1431271DEF6E00AF77B6 /* Frameworks */,
				526A1432271DEF6E00AF77B6 /* Resources */,
				F81A97D410F51752166D8C65 /* [CP] Embed Pods Frameworks */,
				52F9362B271E2AEA00B63F3A /* ShellScript */,
			);
			buildRules = (
			);
			dependencies = (
			);
			name = MyWayPizza;
			productName = MyWayPizza;
			productReference = 526A1434271DEF6E00AF77B6 /* MyWayPizza.app */;
			productType = "com.apple.product-type.application";
		};
/* End PBXNativeTarget section */

/* Begin PBXProject section */
		526A142C271DEF6E00AF77B6 /* Project object */ = {
			isa = PBXProject;
			attributes = {
				BuildIndependentTargetsInParallel = 1;
				LastSwiftUpdateCheck = 1300;
				LastUpgradeCheck = 1300;
				TargetAttributes = {
					524F727F271FFBFE0041A4F1 = {
						CreatedOnToolsVersion = 13.0;
						LastSwiftMigration = 1300;
						TestTargetID = 526A1433271DEF6E00AF77B6;
					};
					526A1433271DEF6E00AF77B6 = {
						CreatedOnToolsVersion = 13.0;
					};
				};
			};
			buildConfigurationList = 526A142F271DEF6E00AF77B6 /* Build configuration list for PBXProject "MyWayPizza" */;
			compatibilityVersion = "Xcode 13.0";
			developmentRegion = en;
			hasScannedForEncodings = 0;
			knownRegions = (
				en,
				Base,
			);
			mainGroup = 526A142B271DEF6E00AF77B6;
			productRefGroup = 526A1435271DEF6E00AF77B6 /* Products */;
			projectDirPath = "";
			projectRoot = "";
			targets = (
				526A1433271DEF6E00AF77B6 /* MyWayPizza */,
				524F727F271FFBFE0041A4F1 /* MyWayPizzaTests */,
			);
		};
/* End PBXProject section */

/* Begin PBXResourcesBuildPhase section */
		524F727E271FFBFE0041A4F1 /* Resources */ = {
			isa = PBXResourcesBuildPhase;
			buildActionMask = 2147483647;
			files = (
			);
			runOnlyForDeploymentPostprocessing = 0;
		};
		526A1432271DEF6E00AF77B6 /* Resources */ = {
			isa = PBXResourcesBuildPhase;
			buildActionMask = 2147483647;
			files = (
				52F93629271E277C00B63F3A /* .swiftlint.yml in Resources */,
				5276A9F9271F45C40072C9D3 /* DEPENDENCIES.md in Resources */,
				526A1444271DEF7000AF77B6 /* LaunchScreen.storyboard in Resources */,
				5276AA21271F6A640072C9D3 /* README.md in Resources */,
				5276AA0E271F49F20072C9D3 /* API.md in Resources */,
				526A1441271DEF7000AF77B6 /* Assets.xcassets in Resources */,
				526A143F271DEF6E00AF77B6 /* Main.storyboard in Resources */,
			);
			runOnlyForDeploymentPostprocessing = 0;
		};
/* End PBXResourcesBuildPhase section */

/* Begin PBXShellScriptBuildPhase section */
		52F9362B271E2AEA00B63F3A /* ShellScript */ = {
			isa = PBXShellScriptBuildPhase;
			buildActionMask = 2147483647;
			files = (
			);
			inputFileListPaths = (
			);
			inputPaths = (
			);
			outputFileListPaths = (
			);
			outputPaths = (
			);
			runOnlyForDeploymentPostprocessing = 0;
			shellPath = /bin/sh;
			shellScript = "# SwiftLint\n\"${PODS_ROOT}/SwiftLint/swiftlint\"\n";
		};
		CA462DE0DC1D9AA11A8AE7D4 /* [CP] Check Pods Manifest.lock */ = {
			isa = PBXShellScriptBuildPhase;
			buildActionMask = 2147483647;
			files = (
			);
			inputFileListPaths = (
			);
			inputPaths = (
				"${PODS_PODFILE_DIR_PATH}/Podfile.lock",
				"${PODS_ROOT}/Manifest.lock",
			);
			name = "[CP] Check Pods Manifest.lock";
			outputFileListPaths = (
			);
			outputPaths = (
				"$(DERIVED_FILE_DIR)/Pods-MyWayPizza-checkManifestLockResult.txt",
			);
			runOnlyForDeploymentPostprocessing = 0;
			shellPath = /bin/sh;
			shellScript = "diff \"${PODS_PODFILE_DIR_PATH}/Podfile.lock\" \"${PODS_ROOT}/Manifest.lock\" > /dev/null\nif [ $? != 0 ] ; then\n    # print error to STDERR\n    echo \"error: The sandbox is not in sync with the Podfile.lock. Run 'pod install' or update your CocoaPods installation.\" >&2\n    exit 1\nfi\n# This output is used by Xcode 'outputs' to avoid re-running this script phase.\necho \"SUCCESS\" > \"${SCRIPT_OUTPUT_FILE_0}\"\n";
			showEnvVarsInLog = 0;
		};
		F81A97D410F51752166D8C65 /* [CP] Embed Pods Frameworks */ = {
			isa = PBXShellScriptBuildPhase;
			buildActionMask = 2147483647;
			files = (
			);
			inputFileListPaths = (
				"${PODS_ROOT}/Target Support Files/Pods-MyWayPizza/Pods-MyWayPizza-frameworks-${CONFIGURATION}-input-files.xcfilelist",
			);
			name = "[CP] Embed Pods Frameworks";
			outputFileListPaths = (
				"${PODS_ROOT}/Target Support Files/Pods-MyWayPizza/Pods-MyWayPizza-frameworks-${CONFIGURATION}-output-files.xcfilelist",
			);
			runOnlyForDeploymentPostprocessing = 0;
			shellPath = /bin/sh;
			shellScript = "\"${PODS_ROOT}/Target Support Files/Pods-MyWayPizza/Pods-MyWayPizza-frameworks.sh\"\n";
			showEnvVarsInLog = 0;
		};
/* End PBXShellScriptBuildPhase section */

/* Begin PBXSourcesBuildPhase section */
		524F727C271FFBFE0041A4F1 /* Sources */ = {
			isa = PBXSourcesBuildPhase;
			buildActionMask = 2147483647;
			files = (
				524F728C271FFC360041A4F1 /* RestaurantViewModelTests.swift in Sources */,
			);
			runOnlyForDeploymentPostprocessing = 0;
		};
		526A1430271DEF6E00AF77B6 /* Sources */ = {
			isa = PBXSourcesBuildPhase;
			buildActionMask = 2147483647;
			files = (
				526A1450271DF7A700AF77B6 /* RestaurantTableViewCell.swift in Sources */,
				5276A9FB271F45D90072C9D3 /* DependencyInjector.swift in Sources */,
				5276AA1F271F56580072C9D3 /* MenuItemViewModel.swift in Sources */,
				5276AA13271F4A210072C9D3 /* APIConstants.swift in Sources */,
				5276AA1D271F564D0072C9D3 /* MenuItemModel.swift in Sources */,
				526A1438271DEF6E00AF77B6 /* AppDelegate.swift in Sources */,
				522F2E81271ECB4400D127B1 /* UIRoundButton.swift in Sources */,
				5276AA03271F461A0072C9D3 /* RestaurantService.swift in Sources */,
				526A1452271DF80800AF77B6 /* RestaurantsTableViewController.swift in Sources */,
				526A1467271E195A00AF77B6 /* SystemIcons.swift in Sources */,
				5276AA11271F4A110072C9D3 /* APIRouter.swift in Sources */,
				526A145E271E02F100AF77B6 /* RestaurantMenuTableViewController.swift in Sources */,
				5276AA17271F4E780072C9D3 /* UITableView+dataSource.swift in Sources */,
				5276A9FF271F45F90072C9D3 /* CoreDependency.swift in Sources */,
				5276AA15271F4A2A0072C9D3 /* APIClient.swift in Sources */,
				526A143A271DEF6E00AF77B6 /* SceneDelegate.swift in Sources */,
				526A1455271DF8FF00AF77B6 /* StoryboardIdentifiable.swift in Sources */,
				526A145C271E01DC00AF77B6 /* MenuItemTableViewCell.swift in Sources */,
				522F2E85271EDA9E00D127B1 /* MenuItemDetailsViewController.swift in Sources */,
				526A1462271E12B800AF77B6 /* UINavigationController+colors.swift in Sources */,
				5276AA01271F46070072C9D3 /* AppDependency.swift in Sources */,
				5276AA1B271F51F30072C9D3 /* StaticImages.swift in Sources */,
				5276AA19271F4F350072C9D3 /* RestaurantViewModel.swift in Sources */,
				5276AA07271F462F0072C9D3 /* MWPRestaurantService.swift in Sources */,
				5276AA0C271F467E0072C9D3 /* RestaurantModel.swift in Sources */,
				526A1458271DF97900AF77B6 /* UIExtendedView.swift in Sources */,
				526A1464271E148C00AF77B6 /* SegueHandlerType.swift in Sources */,
				526A145A271DF98A00AF77B6 /* UIRoundedView.swift in Sources */,
				5276AA05271F46210072C9D3 /* MockRestaurantService.swift in Sources */,
			);
			runOnlyForDeploymentPostprocessing = 0;
		};
/* End PBXSourcesBuildPhase section */

/* Begin PBXTargetDependency section */
		524F7285271FFBFE0041A4F1 /* PBXTargetDependency */ = {
			isa = PBXTargetDependency;
			target = 526A1433271DEF6E00AF77B6 /* MyWayPizza */;
			targetProxy = 524F7284271FFBFE0041A4F1 /* PBXContainerItemProxy */;
		};
/* End PBXTargetDependency section */

/* Begin PBXVariantGroup section */
		526A143D271DEF6E00AF77B6 /* Main.storyboard */ = {
			isa = PBXVariantGroup;
			children = (
				526A143E271DEF6E00AF77B6 /* Base */,
			);
			name = Main.storyboard;
			sourceTree = "<group>";
		};
		526A1442271DEF7000AF77B6 /* LaunchScreen.storyboard */ = {
			isa = PBXVariantGroup;
			children = (
				526A1443271DEF7000AF77B6 /* Base */,
			);
			name = LaunchScreen.storyboard;
			sourceTree = "<group>";
		};
/* End PBXVariantGroup section */

/* Begin XCBuildConfiguration section */
		524F7286271FFBFE0041A4F1 /* Debug */ = {
			isa = XCBuildConfiguration;
			buildSettings = {
				BUNDLE_LOADER = "$(TEST_HOST)";
				CLANG_ENABLE_MODULES = YES;
				CODE_SIGN_STYLE = Automatic;
				CURRENT_PROJECT_VERSION = 1;
				DEVELOPMENT_TEAM = YUQDS8QJFD;
				GENERATE_INFOPLIST_FILE = YES;
				LD_RUNPATH_SEARCH_PATHS = (
					"$(inherited)",
					"@executable_path/Frameworks",
					"@loader_path/Frameworks",
				);
				MARKETING_VERSION = 1.0;
				PRODUCT_BUNDLE_IDENTIFIER = com.nativecoders.MyWayPizzaTests;
				PRODUCT_NAME = "$(TARGET_NAME)";
				SWIFT_EMIT_LOC_STRINGS = NO;
				SWIFT_OPTIMIZATION_LEVEL = "-Onone";
				SWIFT_VERSION = 5.0;
				TARGETED_DEVICE_FAMILY = "1,2";
				TEST_HOST = "$(BUILT_PRODUCTS_DIR)/MyWayPizza.app/MyWayPizza";
			};
			name = Debug;
		};
		524F7287271FFBFE0041A4F1 /* Release */ = {
			isa = XCBuildConfiguration;
			buildSettings = {
				BUNDLE_LOADER = "$(TEST_HOST)";
				CLANG_ENABLE_MODULES = YES;
				CODE_SIGN_STYLE = Automatic;
				CURRENT_PROJECT_VERSION = 1;
				DEVELOPMENT_TEAM = YUQDS8QJFD;
				GENERATE_INFOPLIST_FILE = YES;
				LD_RUNPATH_SEARCH_PATHS = (
					"$(inherited)",
					"@executable_path/Frameworks",
					"@loader_path/Frameworks",
				);
				MARKETING_VERSION = 1.0;
				PRODUCT_BUNDLE_IDENTIFIER = com.nativecoders.MyWayPizzaTests;
				PRODUCT_NAME = "$(TARGET_NAME)";
				SWIFT_EMIT_LOC_STRINGS = NO;
				SWIFT_VERSION = 5.0;
				TARGETED_DEVICE_FAMILY = "1,2";
				TEST_HOST = "$(BUILT_PRODUCTS_DIR)/MyWayPizza.app/MyWayPizza";
			};
			name = Release;
		};
		526A1446271DEF7000AF77B6 /* Debug */ = {
			isa = XCBuildConfiguration;
			buildSettings = {
				ALWAYS_SEARCH_USER_PATHS = NO;
				CLANG_ANALYZER_NONNULL = YES;
				CLANG_ANALYZER_NUMBER_OBJECT_CONVERSION = YES_AGGRESSIVE;
				CLANG_CXX_LANGUAGE_STANDARD = "gnu++17";
				CLANG_CXX_LIBRARY = "libc++";
				CLANG_ENABLE_MODULES = YES;
				CLANG_ENABLE_OBJC_ARC = YES;
				CLANG_ENABLE_OBJC_WEAK = YES;
				CLANG_WARN_BLOCK_CAPTURE_AUTORELEASING = YES;
				CLANG_WARN_BOOL_CONVERSION = YES;
				CLANG_WARN_COMMA = YES;
				CLANG_WARN_CONSTANT_CONVERSION = YES;
				CLANG_WARN_DEPRECATED_OBJC_IMPLEMENTATIONS = YES;
				CLANG_WARN_DIRECT_OBJC_ISA_USAGE = YES_ERROR;
				CLANG_WARN_DOCUMENTATION_COMMENTS = YES;
				CLANG_WARN_EMPTY_BODY = YES;
				CLANG_WARN_ENUM_CONVERSION = YES;
				CLANG_WARN_INFINITE_RECURSION = YES;
				CLANG_WARN_INT_CONVERSION = YES;
				CLANG_WARN_NON_LITERAL_NULL_CONVERSION = YES;
				CLANG_WARN_OBJC_IMPLICIT_RETAIN_SELF = YES;
				CLANG_WARN_OBJC_LITERAL_CONVERSION = YES;
				CLANG_WARN_OBJC_ROOT_CLASS = YES_ERROR;
				CLANG_WARN_QUOTED_INCLUDE_IN_FRAMEWORK_HEADER = YES;
				CLANG_WARN_RANGE_LOOP_ANALYSIS = YES;
				CLANG_WARN_STRICT_PROTOTYPES = YES;
				CLANG_WARN_SUSPICIOUS_MOVE = YES;
				CLANG_WARN_UNGUARDED_AVAILABILITY = YES_AGGRESSIVE;
				CLANG_WARN_UNREACHABLE_CODE = YES;
				CLANG_WARN__DUPLICATE_METHOD_MATCH = YES;
				COPY_PHASE_STRIP = NO;
				DEBUG_INFORMATION_FORMAT = dwarf;
				ENABLE_STRICT_OBJC_MSGSEND = YES;
				ENABLE_TESTABILITY = YES;
				GCC_C_LANGUAGE_STANDARD = gnu11;
				GCC_DYNAMIC_NO_PIC = NO;
				GCC_NO_COMMON_BLOCKS = YES;
				GCC_OPTIMIZATION_LEVEL = 0;
				GCC_PREPROCESSOR_DEFINITIONS = (
					"DEBUG=1",
					"$(inherited)",
				);
				GCC_WARN_64_TO_32_BIT_CONVERSION = YES;
				GCC_WARN_ABOUT_RETURN_TYPE = YES_ERROR;
				GCC_WARN_UNDECLARED_SELECTOR = YES;
				GCC_WARN_UNINITIALIZED_AUTOS = YES_AGGRESSIVE;
				GCC_WARN_UNUSED_FUNCTION = YES;
				GCC_WARN_UNUSED_VARIABLE = YES;
				IPHONEOS_DEPLOYMENT_TARGET = 15.0;
				MTL_ENABLE_DEBUG_INFO = INCLUDE_SOURCE;
				MTL_FAST_MATH = YES;
				ONLY_ACTIVE_ARCH = YES;
				SDKROOT = iphoneos;
				SWIFT_ACTIVE_COMPILATION_CONDITIONS = DEBUG;
				SWIFT_OPTIMIZATION_LEVEL = "-Onone";
			};
			name = Debug;
		};
		526A1447271DEF7000AF77B6 /* Release */ = {
			isa = XCBuildConfiguration;
			buildSettings = {
				ALWAYS_SEARCH_USER_PATHS = NO;
				CLANG_ANALYZER_NONNULL = YES;
				CLANG_ANALYZER_NUMBER_OBJECT_CONVERSION = YES_AGGRESSIVE;
				CLANG_CXX_LANGUAGE_STANDARD = "gnu++17";
				CLANG_CXX_LIBRARY = "libc++";
				CLANG_ENABLE_MODULES = YES;
				CLANG_ENABLE_OBJC_ARC = YES;
				CLANG_ENABLE_OBJC_WEAK = YES;
				CLANG_WARN_BLOCK_CAPTURE_AUTORELEASING = YES;
				CLANG_WARN_BOOL_CONVERSION = YES;
				CLANG_WARN_COMMA = YES;
				CLANG_WARN_CONSTANT_CONVERSION = YES;
				CLANG_WARN_DEPRECATED_OBJC_IMPLEMENTATIONS = YES;
				CLANG_WARN_DIRECT_OBJC_ISA_USAGE = YES_ERROR;
				CLANG_WARN_DOCUMENTATION_COMMENTS = YES;
				CLANG_WARN_EMPTY_BODY = YES;
				CLANG_WARN_ENUM_CONVERSION = YES;
				CLANG_WARN_INFINITE_RECURSION = YES;
				CLANG_WARN_INT_CONVERSION = YES;
				CLANG_WARN_NON_LITERAL_NULL_CONVERSION = YES;
				CLANG_WARN_OBJC_IMPLICIT_RETAIN_SELF = YES;
				CLANG_WARN_OBJC_LITERAL_CONVERSION = YES;
				CLANG_WARN_OBJC_ROOT_CLASS = YES_ERROR;
				CLANG_WARN_QUOTED_INCLUDE_IN_FRAMEWORK_HEADER = YES;
				CLANG_WARN_RANGE_LOOP_ANALYSIS = YES;
				CLANG_WARN_STRICT_PROTOTYPES = YES;
				CLANG_WARN_SUSPICIOUS_MOVE = YES;
				CLANG_WARN_UNGUARDED_AVAILABILITY = YES_AGGRESSIVE;
				CLANG_WARN_UNREACHABLE_CODE = YES;
				CLANG_WARN__DUPLICATE_METHOD_MATCH = YES;
				COPY_PHASE_STRIP = NO;
				DEBUG_INFORMATION_FORMAT = "dwarf-with-dsym";
				ENABLE_NS_ASSERTIONS = NO;
				ENABLE_STRICT_OBJC_MSGSEND = YES;
				GCC_C_LANGUAGE_STANDARD = gnu11;
				GCC_NO_COMMON_BLOCKS = YES;
				GCC_WARN_64_TO_32_BIT_CONVERSION = YES;
				GCC_WARN_ABOUT_RETURN_TYPE = YES_ERROR;
				GCC_WARN_UNDECLARED_SELECTOR = YES;
				GCC_WARN_UNINITIALIZED_AUTOS = YES_AGGRESSIVE;
				GCC_WARN_UNUSED_FUNCTION = YES;
				GCC_WARN_UNUSED_VARIABLE = YES;
				IPHONEOS_DEPLOYMENT_TARGET = 15.0;
				MTL_ENABLE_DEBUG_INFO = NO;
				MTL_FAST_MATH = YES;
				SDKROOT = iphoneos;
				SWIFT_COMPILATION_MODE = wholemodule;
				SWIFT_OPTIMIZATION_LEVEL = "-O";
				VALIDATE_PRODUCT = YES;
			};
			name = Release;
		};
		526A1449271DEF7000AF77B6 /* Debug */ = {
			isa = XCBuildConfiguration;
			baseConfigurationReference = 0F0677FC5A6641DC638A1483 /* Pods-MyWayPizza.debug.xcconfig */;
			buildSettings = {
				ASSETCATALOG_COMPILER_APPICON_NAME = AppIcon;
				ASSETCATALOG_COMPILER_GLOBAL_ACCENT_COLOR_NAME = AccentColor;
				CODE_SIGN_STYLE = Automatic;
				CURRENT_PROJECT_VERSION = 1;
				DEVELOPMENT_TEAM = YUQDS8QJFD;
				GENERATE_INFOPLIST_FILE = YES;
				INFOPLIST_FILE = MyWayPizza/Info.plist;
				INFOPLIST_KEY_UIApplicationSupportsIndirectInputEvents = YES;
				INFOPLIST_KEY_UILaunchStoryboardName = LaunchScreen;
				INFOPLIST_KEY_UIMainStoryboardFile = Main;
				INFOPLIST_KEY_UISupportedInterfaceOrientations_iPad = "UIInterfaceOrientationPortrait UIInterfaceOrientationPortraitUpsideDown UIInterfaceOrientationLandscapeLeft UIInterfaceOrientationLandscapeRight";
				INFOPLIST_KEY_UISupportedInterfaceOrientations_iPhone = "UIInterfaceOrientationPortrait UIInterfaceOrientationLandscapeLeft UIInterfaceOrientationLandscapeRight";
				LD_RUNPATH_SEARCH_PATHS = (
					"$(inherited)",
					"@executable_path/Frameworks",
				);
				MARKETING_VERSION = 1.0;
				PRODUCT_BUNDLE_IDENTIFIER = com.nativecoders.MyWayPizza;
				PRODUCT_NAME = "$(TARGET_NAME)";
				SWIFT_EMIT_LOC_STRINGS = YES;
				SWIFT_VERSION = 5.0;
				TARGETED_DEVICE_FAMILY = "1,2";
			};
			name = Debug;
		};
		526A144A271DEF7000AF77B6 /* Release */ = {
			isa = XCBuildConfiguration;
			baseConfigurationReference = E5F7170556B7985A55879CF9 /* Pods-MyWayPizza.release.xcconfig */;
			buildSettings = {
				ASSETCATALOG_COMPILER_APPICON_NAME = AppIcon;
				ASSETCATALOG_COMPILER_GLOBAL_ACCENT_COLOR_NAME = AccentColor;
				CODE_SIGN_STYLE = Automatic;
				CURRENT_PROJECT_VERSION = 1;
				DEVELOPMENT_TEAM = YUQDS8QJFD;
				GENERATE_INFOPLIST_FILE = YES;
				INFOPLIST_FILE = MyWayPizza/Info.plist;
				INFOPLIST_KEY_UIApplicationSupportsIndirectInputEvents = YES;
				INFOPLIST_KEY_UILaunchStoryboardName = LaunchScreen;
				INFOPLIST_KEY_UIMainStoryboardFile = Main;
				INFOPLIST_KEY_UISupportedInterfaceOrientations_iPad = "UIInterfaceOrientationPortrait UIInterfaceOrientationPortraitUpsideDown UIInterfaceOrientationLandscapeLeft UIInterfaceOrientationLandscapeRight";
				INFOPLIST_KEY_UISupportedInterfaceOrientations_iPhone = "UIInterfaceOrientationPortrait UIInterfaceOrientationLandscapeLeft UIInterfaceOrientationLandscapeRight";
				LD_RUNPATH_SEARCH_PATHS = (
					"$(inherited)",
					"@executable_path/Frameworks",
				);
				MARKETING_VERSION = 1.0;
				PRODUCT_BUNDLE_IDENTIFIER = com.nativecoders.MyWayPizza;
				PRODUCT_NAME = "$(TARGET_NAME)";
				SWIFT_EMIT_LOC_STRINGS = YES;
				SWIFT_VERSION = 5.0;
				TARGETED_DEVICE_FAMILY = "1,2";
			};
			name = Release;
		};
/* End XCBuildConfiguration section */

/* Begin XCConfigurationList section */
		524F7288271FFBFE0041A4F1 /* Build configuration list for PBXNativeTarget "MyWayPizzaTests" */ = {
			isa = XCConfigurationList;
			buildConfigurations = (
				524F7286271FFBFE0041A4F1 /* Debug */,
				524F7287271FFBFE0041A4F1 /* Release */,
			);
			defaultConfigurationIsVisible = 0;
			defaultConfigurationName = Release;
		};
		526A142F271DEF6E00AF77B6 /* Build configuration list for PBXProject "MyWayPizza" */ = {
			isa = XCConfigurationList;
			buildConfigurations = (
				526A1446271DEF7000AF77B6 /* Debug */,
				526A1447271DEF7000AF77B6 /* Release */,
			);
			defaultConfigurationIsVisible = 0;
			defaultConfigurationName = Release;
		};
		526A1448271DEF7000AF77B6 /* Build configuration list for PBXNativeTarget "MyWayPizza" */ = {
			isa = XCConfigurationList;
			buildConfigurations = (
				526A1449271DEF7000AF77B6 /* Debug */,
				526A144A271DEF7000AF77B6 /* Release */,
			);
			defaultConfigurationIsVisible = 0;
			defaultConfigurationName = Release;
		};
/* End XCConfigurationList section */
	};
	rootObject = 526A142C271DEF6E00AF77B6 /* Project object */;
}
